
Microsoft Visual Studio Solution File, Format Version 12.00
# Visual Studio Version 17
VisualStudioVersion = 17.4.33213.308
MinimumVisualStudioVersion = 10.0.40219.1
Project("{FAE04EC0-301F-11D3-BF4B-00C04F79EFBC}") = "XFBIN_PARSER", "XFBIN_PARSER.csproj", "{1628A04E-DE9A-48F1-B993-990024E6CB61}"
EndProject
Project("{9A19103F-16F7-4668-BE54-9A1E7A4F7556}") = "XFBIN_LIB", "..\XFBIN_LIB\XFBIN_LIB.csproj", "{28F21BC8-A970-4C86-A2FB-D17E99604D8F}"
EndProject
Global
	GlobalSection(SolutionConfigurationPlatforms) = preSolution
		Debug|Any CPU = Debug|Any CPU
		Release|Any CPU = Release|Any CPU
	EndGlobalSection
	GlobalSection(ProjectConfigurationPlatforms) = postSolution
		{1628A04E-DE9A-48F1-B993-990024E6CB61}.Debug|Any CPU.ActiveCfg = Debug|Any CPU
		{1628A04E-DE9A-48F1-B993-990024E6CB61}.Debug|Any CPU.Build.0 = Debug|Any CPU
		{1628A04E-DE9A-48F1-B993-990024E6CB61}.Release|Any CPU.ActiveCfg = Release|Any CPU
		{1628A04E-DE9A-48F1-B993-990024E6CB61}.Release|Any CPU.Build.0 = Release|Any CPU
		{28F21BC8-A970-4C86-A2FB-D17E99604D8F}.Debug|Any CPU.ActiveCfg = Debug|Any CPU
		{28F21BC8-A970-4C86-A2FB-D17E99604D8F}.Debug|Any CPU.Build.0 = Debug|Any CPU
		{28F21BC8-A970-4C86-A2FB-D17E99604D8F}.Release|Any CPU.ActiveCfg = Release|Any CPU
		{28F21BC8-A970-4C86-A2FB-D17E99604D8F}.Release|Any CPU.Build.0 = Release|Any CPU
	EndGlobalSection
	GlobalSection(SolutionProperties) = preSolution
		HideSolutionNode = FALSE
	EndGlobalSection
	GlobalSection(ExtensibilityGlobals) = postSolution
		SolutionGuid = {79451EB6-C19B-4CED-8E2B-8A10BD658B40}
	EndGlobalSection
EndGlobal
